// !$*UTF8*$!
{
	archiveVersion = 1;
	classes = {
	};
	objectVersion = 50;
	objects = {

/* Begin PBXBuildFile section */
		BA06D913257D2D4F009314E4 /* ViewController.swift in Sources */ = {isa = PBXBuildFile; fileRef = BA06D912257D2D4F009314E4 /* ViewController.swift */; };
		BA244045257C447B00DC0599 /* InformationPostingViewController.swift in Sources */ = {isa = PBXBuildFile; fileRef = BA244044257C447B00DC0599 /* InformationPostingViewController.swift */; };
		BA244048257C57F000DC0599 /* FinishViewController.swift in Sources */ = {isa = PBXBuildFile; fileRef = BA244047257C57F000DC0599 /* FinishViewController.swift */; };
		BA24404B257C624200DC0599 /* StudentResponse.swift in Sources */ = {isa = PBXBuildFile; fileRef = BA24404A257C624200DC0599 /* StudentResponse.swift */; };
		BA24404E257C65CD00DC0599 /* LocationRequest.swift in Sources */ = {isa = PBXBuildFile; fileRef = BA24404D257C65CD00DC0599 /* LocationRequest.swift */; };
		BA4D57C8257A260500DABC62 /* UdacityClient.swift in Sources */ = {isa = PBXBuildFile; fileRef = BA4D57C7257A260500DABC62 /* UdacityClient.swift */; };
		BA4D57CE257A290600DABC62 /* SessionResponse.swift in Sources */ = {isa = PBXBuildFile; fileRef = BA4D57CD257A290600DABC62 /* SessionResponse.swift */; };
		BA4D57D2257A2A0F00DABC62 /* SessionRequest.swift in Sources */ = {isa = PBXBuildFile; fileRef = BA4D57D1257A2A0F00DABC62 /* SessionRequest.swift */; };
		BA4D57DD257AE1FD00DABC62 /* StudentLocation.swift in Sources */ = {isa = PBXBuildFile; fileRef = BA4D57DC257AE1FD00DABC62 /* StudentLocation.swift */; };
		BA4D57E6257AF90200DABC62 /* MapViewController.swift in Sources */ = {isa = PBXBuildFile; fileRef = BA4D57E5257AF90200DABC62 /* MapViewController.swift */; };
		BA4D57E9257AFE1200DABC62 /* TableViewController.swift in Sources */ = {isa = PBXBuildFile; fileRef = BA4D57E8257AFE1200DABC62 /* TableViewController.swift */; };
		BA4D57EC257B074D00DABC62 /* TableViewCell.swift in Sources */ = {isa = PBXBuildFile; fileRef = BA4D57EB257B074D00DABC62 /* TableViewCell.swift */; };
		BABA7E072579349C0047D3CC /* AppDelegate.swift in Sources */ = {isa = PBXBuildFile; fileRef = BABA7E062579349C0047D3CC /* AppDelegate.swift */; };
		BABA7E092579349C0047D3CC /* SceneDelegate.swift in Sources */ = {isa = PBXBuildFile; fileRef = BABA7E082579349C0047D3CC /* SceneDelegate.swift */; };
		BABA7E0B2579349C0047D3CC /* LoginViewController.swift in Sources */ = {isa = PBXBuildFile; fileRef = BABA7E0A2579349C0047D3CC /* LoginViewController.swift */; };
		BABA7E0E2579349C0047D3CC /* Main.storyboard in Resources */ = {isa = PBXBuildFile; fileRef = BABA7E0C2579349C0047D3CC /* Main.storyboard */; };
		BABA7E10257934A00047D3CC /* Assets.xcassets in Resources */ = {isa = PBXBuildFile; fileRef = BABA7E0F257934A00047D3CC /* Assets.xcassets */; };
		BABA7E13257934A00047D3CC /* LaunchScreen.storyboard in Resources */ = {isa = PBXBuildFile; fileRef = BABA7E11257934A00047D3CC /* LaunchScreen.storyboard */; };
/* End PBXBuildFile section */

/* Begin PBXFileReference section */
		BA06D912257D2D4F009314E4 /* ViewController.swift */ = {isa = PBXFileReference; lastKnownFileType = sourcecode.swift; path = ViewController.swift; sourceTree = "<group>"; };
		BA244044257C447B00DC0599 /* InformationPostingViewController.swift */ = {isa = PBXFileReference; lastKnownFileType = sourcecode.swift; path = InformationPostingViewController.swift; sourceTree = "<group>"; };
		BA244047257C57F000DC0599 /* FinishViewController.swift */ = {isa = PBXFileReference; lastKnownFileType = sourcecode.swift; path = FinishViewController.swift; sourceTree = "<group>"; };
		BA24404A257C624200DC0599 /* StudentResponse.swift */ = {isa = PBXFileReference; lastKnownFileType = sourcecode.swift; path = StudentResponse.swift; sourceTree = "<group>"; };
		BA24404D257C65CD00DC0599 /* LocationRequest.swift */ = {isa = PBXFileReference; lastKnownFileType = sourcecode.swift; path = LocationRequest.swift; sourceTree = "<group>"; };
		BA4D57C7257A260500DABC62 /* UdacityClient.swift */ = {isa = PBXFileReference; lastKnownFileType = sourcecode.swift; path = UdacityClient.swift; sourceTree = "<group>"; };
		BA4D57CD257A290600DABC62 /* SessionResponse.swift */ = {isa = PBXFileReference; lastKnownFileType = sourcecode.swift; path = SessionResponse.swift; sourceTree = "<group>"; };
		BA4D57D1257A2A0F00DABC62 /* SessionRequest.swift */ = {isa = PBXFileReference; lastKnownFileType = sourcecode.swift; path = SessionRequest.swift; sourceTree = "<group>"; };
		BA4D57DC257AE1FD00DABC62 /* StudentLocation.swift */ = {isa = PBXFileReference; lastKnownFileType = sourcecode.swift; path = StudentLocation.swift; sourceTree = "<group>"; };
		BA4D57E5257AF90200DABC62 /* MapViewController.swift */ = {isa = PBXFileReference; lastKnownFileType = sourcecode.swift; path = MapViewController.swift; sourceTree = "<group>"; };
		BA4D57E8257AFE1200DABC62 /* TableViewController.swift */ = {isa = PBXFileReference; lastKnownFileType = sourcecode.swift; path = TableViewController.swift; sourceTree = "<group>"; };
		BA4D57EB257B074D00DABC62 /* TableViewCell.swift */ = {isa = PBXFileReference; lastKnownFileType = sourcecode.swift; path = TableViewCell.swift; sourceTree = "<group>"; };
		BABA7E032579349C0047D3CC /* on the map.app */ = {isa = PBXFileReference; explicitFileType = wrapper.application; includeInIndex = 0; path = "on the map.app"; sourceTree = BUILT_PRODUCTS_DIR; };
		BABA7E062579349C0047D3CC /* AppDelegate.swift */ = {isa = PBXFileReference; lastKnownFileType = sourcecode.swift; path = AppDelegate.swift; sourceTree = "<group>"; };
		BABA7E082579349C0047D3CC /* SceneDelegate.swift */ = {isa = PBXFileReference; lastKnownFileType = sourcecode.swift; path = SceneDelegate.swift; sourceTree = "<group>"; };
		BABA7E0A2579349C0047D3CC /* LoginViewController.swift */ = {isa = PBXFileReference; lastKnownFileType = sourcecode.swift; path = LoginViewController.swift; sourceTree = "<group>"; };
		BABA7E0D2579349C0047D3CC /* Base */ = {isa = PBXFileReference; lastKnownFileType = file.storyboard; name = Base; path = Base.lproj/Main.storyboard; sourceTree = "<group>"; };
		BABA7E0F257934A00047D3CC /* Assets.xcassets */ = {isa = PBXFileReference; lastKnownFileType = folder.assetcatalog; path = Assets.xcassets; sourceTree = "<group>"; };
		BABA7E12257934A00047D3CC /* Base */ = {isa = PBXFileReference; lastKnownFileType = file.storyboard; name = Base; path = Base.lproj/LaunchScreen.storyboard; sourceTree = "<group>"; };
		BABA7E14257934A00047D3CC /* Info.plist */ = {isa = PBXFileReference; lastKnownFileType = text.plist.xml; path = Info.plist; sourceTree = "<group>"; };
/* End PBXFileReference section */

/* Begin PBXFrameworksBuildPhase section */
		BABA7E002579349C0047D3CC /* Frameworks */ = {
			isa = PBXFrameworksBuildPhase;
			buildActionMask = 2147483647;
			files = (
			);
			runOnlyForDeploymentPostprocessing = 0;
		};
/* End PBXFrameworksBuildPhase section */

/* Begin PBXGroup section */
		BA4D57C6257A25EA00DABC62 /* Udacity Client */ = {
			isa = PBXGroup;
			children = (
				BA4D57C7257A260500DABC62 /* UdacityClient.swift */,
			);
			path = "Udacity Client";
			sourceTree = "<group>";
		};
		BA4D57CB257A28AE00DABC62 /* Udacity Requests */ = {
			isa = PBXGroup;
			children = (
				BA4D57D1257A2A0F00DABC62 /* SessionRequest.swift */,
				BA24404D257C65CD00DC0599 /* LocationRequest.swift */,
			);
			path = "Udacity Requests";
			sourceTree = "<group>";
		};
		BA4D57CC257A28B700DABC62 /* Udacity Responses */ = {
			isa = PBXGroup;
			children = (
				BA4D57CD257A290600DABC62 /* SessionResponse.swift */,
				BA4D57DC257AE1FD00DABC62 /* StudentLocation.swift */,
				BA24404A257C624200DC0599 /* StudentResponse.swift */,
			);
			path = "Udacity Responses";
			sourceTree = "<group>";
		};
		BABA7DFA2579349C0047D3CC = {
			isa = PBXGroup;
			children = (
				BABA7E052579349C0047D3CC /* on the map */,
				BABA7E042579349C0047D3CC /* Products */,
			);
			sourceTree = "<group>";
		};
		BABA7E042579349C0047D3CC /* Products */ = {
			isa = PBXGroup;
			children = (
				BABA7E032579349C0047D3CC /* on the map.app */,
			);
			name = Products;
			sourceTree = "<group>";
		};
		BABA7E052579349C0047D3CC /* on the map */ = {
			isa = PBXGroup;
			children = (
				BABA7E1E257934E90047D3CC /* Models */,
				BABA7E062579349C0047D3CC /* AppDelegate.swift */,
				BABA7E082579349C0047D3CC /* SceneDelegate.swift */,
				BABA7E1C257934DE0047D3CC /* Controllers */,
				BABA7E1B257934BC0047D3CC /* Assets */,
				BABA7E14257934A00047D3CC /* Info.plist */,
			);
			path = "on the map";
			sourceTree = "<group>";
		};
		BABA7E1B257934BC0047D3CC /* Assets */ = {
			isa = PBXGroup;
			children = (
				BABA7E0C2579349C0047D3CC /* Main.storyboard */,
				BABA7E0F257934A00047D3CC /* Assets.xcassets */,
				BABA7E11257934A00047D3CC /* LaunchScreen.storyboard */,
			);
			path = Assets;
			sourceTree = "<group>";
		};
		BABA7E1C257934DE0047D3CC /* Controllers */ = {
			isa = PBXGroup;
			children = (
				BABA7E0A2579349C0047D3CC /* LoginViewController.swift */,
				BA4D57E5257AF90200DABC62 /* MapViewController.swift */,
				BA4D57E8257AFE1200DABC62 /* TableViewController.swift */,
				BA4D57EB257B074D00DABC62 /* TableViewCell.swift */,
				BA244044257C447B00DC0599 /* InformationPostingViewController.swift */,
				BA244047257C57F000DC0599 /* FinishViewController.swift */,
				BA06D912257D2D4F009314E4 /* ViewController.swift */,
			);
			path = Controllers;
			sourceTree = "<group>";
		};
		BABA7E1E257934E90047D3CC /* Models */ = {
			isa = PBXGroup;
			children = (
				BA4D57CC257A28B700DABC62 /* Udacity Responses */,
				BA4D57CB257A28AE00DABC62 /* Udacity Requests */,
				BA4D57C6257A25EA00DABC62 /* Udacity Client */,
			);
			path = Models;
			sourceTree = "<group>";
		};
/* End PBXGroup section */

/* Begin PBXNativeTarget section */
		BABA7E022579349C0047D3CC /* on the map */ = {
			isa = PBXNativeTarget;
			buildConfigurationList = BABA7E17257934A00047D3CC /* Build configuration list for PBXNativeTarget "on the map" */;
			buildPhases = (
				BABA7DFF2579349C0047D3CC /* Sources */,
				BABA7E002579349C0047D3CC /* Frameworks */,
				BABA7E012579349C0047D3CC /* Resources */,
			);
			buildRules = (
			);
			dependencies = (
			);
			name = "on the map";
			productName = "on the map";
			productReference = BABA7E032579349C0047D3CC /* on the map.app */;
			productType = "com.apple.product-type.application";
		};
/* End PBXNativeTarget section */

/* Begin PBXProject section */
		BABA7DFB2579349C0047D3CC /* Project object */ = {
			isa = PBXProject;
			attributes = {
				LastSwiftUpdateCheck = 1220;
				LastUpgradeCheck = 1220;
				TargetAttributes = {
					BABA7E022579349C0047D3CC = {
						CreatedOnToolsVersion = 12.2;
					};
				};
			};
			buildConfigurationList = BABA7DFE2579349C0047D3CC /* Build configuration list for PBXProject "on the map" */;
			compatibilityVersion = "Xcode 9.3";
			developmentRegion = en;
			hasScannedForEncodings = 0;
			knownRegions = (
				en,
				Base,
			);
			mainGroup = BABA7DFA2579349C0047D3CC;
			productRefGroup = BABA7E042579349C0047D3CC /* Products */;
			projectDirPath = "";
			projectRoot = "";
			targets = (
				BABA7E022579349C0047D3CC /* on the map */,
			);
		};
/* End PBXProject section */

/* Begin PBXResourcesBuildPhase section */
		BABA7E012579349C0047D3CC /* Resources */ = {
			isa = PBXResourcesBuildPhase;
			buildActionMask = 2147483647;
			files = (
				BABA7E13257934A00047D3CC /* LaunchScreen.storyboard in Resources */,
				BABA7E10257934A00047D3CC /* Assets.xcassets in Resources */,
				BABA7E0E2579349C0047D3CC /* Main.storyboard in Resources */,
			);
			runOnlyForDeploymentPostprocessing = 0;
		};
/* End PBXResourcesBuildPhase section */

/* Begin PBXSourcesBuildPhase section */
		BABA7DFF2579349C0047D3CC /* Sources */ = {
			isa = PBXSourcesBuildPhase;
			buildActionMask = 2147483647;
			files = (
				BA06D913257D2D4F009314E4 /* ViewController.swift in Sources */,
				BA4D57C8257A260500DABC62 /* UdacityClient.swift in Sources */,
				BA4D57CE257A290600DABC62 /* SessionResponse.swift in Sources */,
				BA4D57DD257AE1FD00DABC62 /* StudentLocation.swift in Sources */,
				BA4D57D2257A2A0F00DABC62 /* SessionRequest.swift in Sources */,
				BABA7E0B2579349C0047D3CC /* LoginViewController.swift in Sources */,
				BA244048257C57F000DC0599 /* FinishViewController.swift in Sources */,
				BA24404E257C65CD00DC0599 /* LocationRequest.swift in Sources */,
				BA4D57EC257B074D00DABC62 /* TableViewCell.swift in Sources */,
				BABA7E072579349C0047D3CC /* AppDelegate.swift in Sources */,
				BABA7E092579349C0047D3CC /* SceneDelegate.swift in Sources */,
				BA4D57E9257AFE1200DABC62 /* TableViewController.swift in Sources */,
				BA244045257C447B00DC0599 /* InformationPostingViewController.swift in Sources */,
				BA4D57E6257AF90200DABC62 /* MapViewController.swift in Sources */,
				BA24404B257C624200DC0599 /* StudentResponse.swift in Sources */,
			);
			runOnlyForDeploymentPostprocessing = 0;
		};
/* End PBXSourcesBuildPhase section */

/* Begin PBXVariantGroup section */
		BABA7E0C2579349C0047D3CC /* Main.storyboard */ = {
			isa = PBXVariantGroup;
			children = (
				BABA7E0D2579349C0047D3CC /* Base */,
			);
			name = Main.storyboard;
			sourceTree = "<group>";
		};
		BABA7E11257934A00047D3CC /* LaunchScreen.storyboard */ = {
			isa = PBXVariantGroup;
			children = (
				BABA7E12257934A00047D3CC /* Base */,
			);
			name = LaunchScreen.storyboard;
			sourceTree = "<group>";
		};
/* End PBXVariantGroup section */

/* Begin XCBuildConfiguration section */
		BABA7E15257934A00047D3CC /* Debug */ = {
			isa = XCBuildConfiguration;
			buildSettings = {
				ALWAYS_SEARCH_USER_PATHS = NO;
				CLANG_ANALYZER_NONNULL = YES;
				CLANG_ANALYZER_NUMBER_OBJECT_CONVERSION = YES_AGGRESSIVE;
				CLANG_CXX_LANGUAGE_STANDARD = "gnu++14";
				CLANG_CXX_LIBRARY = "libc++";
				CLANG_ENABLE_MODULES = YES;
				CLANG_ENABLE_OBJC_ARC = YES;
				CLANG_ENABLE_OBJC_WEAK = YES;
				CLANG_WARN_BLOCK_CAPTURE_AUTORELEASING = YES;
				CLANG_WARN_BOOL_CONVERSION = YES;
				CLANG_WARN_COMMA = YES;
				CLANG_WARN_CONSTANT_CONVERSION = YES;
				CLANG_WARN_DEPRECATED_OBJC_IMPLEMENTATIONS = YES;
				CLANG_WARN_DIRECT_OBJC_ISA_USAGE = YES_ERROR;
				CLANG_WARN_DOCUMENTATION_COMMENTS = YES;
				CLANG_WARN_EMPTY_BODY = YES;
				CLANG_WARN_ENUM_CONVERSION = YES;
				CLANG_WARN_INFINITE_RECURSION = YES;
				CLANG_WARN_INT_CONVERSION = YES;
				CLANG_WARN_NON_LITERAL_NULL_CONVERSION = YES;
				CLANG_WARN_OBJC_IMPLICIT_RETAIN_SELF = YES;
				CLANG_WARN_OBJC_LITERAL_CONVERSION = YES;
				CLANG_WARN_OBJC_ROOT_CLASS = YES_ERROR;
				CLANG_WARN_QUOTED_INCLUDE_IN_FRAMEWORK_HEADER = YES;
				CLANG_WARN_RANGE_LOOP_ANALYSIS = YES;
				CLANG_WARN_STRICT_PROTOTYPES = YES;
				CLANG_WARN_SUSPICIOUS_MOVE = YES;
				CLANG_WARN_UNGUARDED_AVAILABILITY = YES_AGGRESSIVE;
				CLANG_WARN_UNREACHABLE_CODE = YES;
				CLANG_WARN__DUPLICATE_METHOD_MATCH = YES;
				COPY_PHASE_STRIP = NO;
				DEBUG_INFORMATION_FORMAT = dwarf;
				ENABLE_STRICT_OBJC_MSGSEND = YES;
				ENABLE_TESTABILITY = YES;
				GCC_C_LANGUAGE_STANDARD = gnu11;
				GCC_DYNAMIC_NO_PIC = NO;
				GCC_NO_COMMON_BLOCKS = YES;
				GCC_OPTIMIZATION_LEVEL = 0;
				GCC_PREPROCESSOR_DEFINITIONS = (
					"DEBUG=1",
					"$(inherited)",
				);
				GCC_WARN_64_TO_32_BIT_CONVERSION = YES;
				GCC_WARN_ABOUT_RETURN_TYPE = YES_ERROR;
				GCC_WARN_UNDECLARED_SELECTOR = YES;
				GCC_WARN_UNINITIALIZED_AUTOS = YES_AGGRESSIVE;
				GCC_WARN_UNUSED_FUNCTION = YES;
				GCC_WARN_UNUSED_VARIABLE = YES;
				IPHONEOS_DEPLOYMENT_TARGET = 14.2;
				MTL_ENABLE_DEBUG_INFO = INCLUDE_SOURCE;
				MTL_FAST_MATH = YES;
				ONLY_ACTIVE_ARCH = YES;
				SDKROOT = iphoneos;
				SWIFT_ACTIVE_COMPILATION_CONDITIONS = DEBUG;
				SWIFT_OPTIMIZATION_LEVEL = "-Onone";
			};
			name = Debug;
		};
		BABA7E16257934A00047D3CC /* Release */ = {
			isa = XCBuildConfiguration;
			buildSettings = {
				ALWAYS_SEARCH_USER_PATHS = NO;
				CLANG_ANALYZER_NONNULL = YES;
				CLANG_ANALYZER_NUMBER_OBJECT_CONVERSION = YES_AGGRESSIVE;
				CLANG_CXX_LANGUAGE_STANDARD = "gnu++14";
				CLANG_CXX_LIBRARY = "libc++";
				CLANG_ENABLE_MODULES = YES;
				CLANG_ENABLE_OBJC_ARC = YES;
				CLANG_ENABLE_OBJC_WEAK = YES;
				CLANG_WARN_BLOCK_CAPTURE_AUTORELEASING = YES;
				CLANG_WARN_BOOL_CONVERSION = YES;
				CLANG_WARN_COMMA = YES;
				CLANG_WARN_CONSTANT_CONVERSION = YES;
				CLANG_WARN_DEPRECATED_OBJC_IMPLEMENTATIONS = YES;
				CLANG_WARN_DIRECT_OBJC_ISA_USAGE = YES_ERROR;
				CLANG_WARN_DOCUMENTATION_COMMENTS = YES;
				CLANG_WARN_EMPTY_BODY = YES;
				CLANG_WARN_ENUM_CONVERSION = YES;
				CLANG_WARN_INFINITE_RECURSION = YES;
				CLANG_WARN_INT_CONVERSION = YES;
				CLANG_WARN_NON_LITERAL_NULL_CONVERSION = YES;
				CLANG_WARN_OBJC_IMPLICIT_RETAIN_SELF = YES;
				CLANG_WARN_OBJC_LITERAL_CONVERSION = YES;
				CLANG_WARN_OBJC_ROOT_CLASS = YES_ERROR;
				CLANG_WARN_QUOTED_INCLUDE_IN_FRAMEWORK_HEADER = YES;
				CLANG_WARN_RANGE_LOOP_ANALYSIS = YES;
				CLANG_WARN_STRICT_PROTOTYPES = YES;
				CLANG_WARN_SUSPICIOUS_MOVE = YES;
				CLANG_WARN_UNGUARDED_AVAILABILITY = YES_AGGRESSIVE;
				CLANG_WARN_UNREACHABLE_CODE = YES;
				CLANG_WARN__DUPLICATE_METHOD_MATCH = YES;
				COPY_PHASE_STRIP = NO;
				DEBUG_INFORMATION_FORMAT = "dwarf-with-dsym";
				ENABLE_NS_ASSERTIONS = NO;
				ENABLE_STRICT_OBJC_MSGSEND = YES;
				GCC_C_LANGUAGE_STANDARD = gnu11;
				GCC_NO_COMMON_BLOCKS = YES;
				GCC_WARN_64_TO_32_BIT_CONVERSION = YES;
				GCC_WARN_ABOUT_RETURN_TYPE = YES_ERROR;
				GCC_WARN_UNDECLARED_SELECTOR = YES;
				GCC_WARN_UNINITIALIZED_AUTOS = YES_AGGRESSIVE;
				GCC_WARN_UNUSED_FUNCTION = YES;
				GCC_WARN_UNUSED_VARIABLE = YES;
				IPHONEOS_DEPLOYMENT_TARGET = 14.2;
				MTL_ENABLE_DEBUG_INFO = NO;
				MTL_FAST_MATH = YES;
				SDKROOT = iphoneos;
				SWIFT_COMPILATION_MODE = wholemodule;
				SWIFT_OPTIMIZATION_LEVEL = "-O";
				VALIDATE_PRODUCT = YES;
			};
			name = Release;
		};
		BABA7E18257934A00047D3CC /* Debug */ = {
			isa = XCBuildConfiguration;
			buildSettings = {
				ASSETCATALOG_COMPILER_APPICON_NAME = AppIcon;
				ASSETCATALOG_COMPILER_GLOBAL_ACCENT_COLOR_NAME = AccentColor;
				CODE_SIGN_STYLE = Automatic;
				DEVELOPMENT_TEAM = 8TKS7JDT5X;
				INFOPLIST_FILE = "on the map/Info.plist";
				LD_RUNPATH_SEARCH_PATHS = (
					"$(inherited)",
					"@executable_path/Frameworks",
				);
				PRODUCT_BUNDLE_IDENTIFIER = "com.tundejs.on-the-map";
				PRODUCT_NAME = "$(TARGET_NAME)";
				SWIFT_VERSION = 5.0;
				TARGETED_DEVICE_FAMILY = "1,2";
			};
			name = Debug;
		};
		BABA7E19257934A00047D3CC /* Release */ = {
			isa = XCBuildConfiguration;
			buildSettings = {
				ASSETCATALOG_COMPILER_APPICON_NAME = AppIcon;
				ASSETCATALOG_COMPILER_GLOBAL_ACCENT_COLOR_NAME = AccentColor;
				CODE_SIGN_STYLE = Automatic;
				DEVELOPMENT_TEAM = 8TKS7JDT5X;
				INFOPLIST_FILE = "on the map/Info.plist";
				LD_RUNPATH_SEARCH_PATHS = (
					"$(inherited)",
					"@executable_path/Frameworks",
				);
				PRODUCT_BUNDLE_IDENTIFIER = "com.tundejs.on-the-map";
				PRODUCT_NAME = "$(TARGET_NAME)";
				SWIFT_VERSION = 5.0;
				TARGETED_DEVICE_FAMILY = "1,2";
			};
			name = Release;
		};
/* End XCBuildConfiguration section */

/* Begin XCConfigurationList section */
		BABA7DFE2579349C0047D3CC /* Build configuration list for PBXProject "on the map" */ = {
			isa = XCConfigurationList;
			buildConfigurations = (
				BABA7E15257934A00047D3CC /* Debug */,
				BABA7E16257934A00047D3CC /* Release */,
			);
			defaultConfigurationIsVisible = 0;
			defaultConfigurationName = Release;
		};
		BABA7E17257934A00047D3CC /* Build configuration list for PBXNativeTarget "on the map" */ = {
			isa = XCConfigurationList;
			buildConfigurations = (
				BABA7E18257934A00047D3CC /* Debug */,
				BABA7E19257934A00047D3CC /* Release */,
			);
			defaultConfigurationIsVisible = 0;
			defaultConfigurationName = Release;
		};
/* End XCConfigurationList section */
	};
	rootObject = BABA7DFB2579349C0047D3CC /* Project object */;
}
